
Microsoft Visual Studio Solution File, Format Version 12.00
# Visual Studio 15
VisualStudioVersion = 15.0.25914.0
MinimumVisualStudioVersion = 10.0.40219.1
Project("{FAE04EC0-301F-11D3-BF4B-00C04F79EFBC}") = "Audiotest2", "Audiotest2\Audiotest2.csproj", "{DB7E5E5D-78DB-45A7-A64A-629A035B2D6F}"
EndProject
Project("{F184B08F-C81C-45F6-A57F-5ABD9991F28F}") = "AudioTest", "AudioTest\AudioTest.vbproj", "{412EE068-F8D8-4B22-A928-B564E7E7AE99}"
EndProject
Project("{FAE04EC0-301F-11D3-BF4B-00C04F79EFBC}") = "PCMToAC3Live", "PCMToAC3Live\PCMToAC3Live.csproj", "{CE2428A5-B287-43B9-BEF9-930445CD4645}"
EndProject
Global
	GlobalSection(SolutionConfigurationPlatforms) = preSolution
		Debug|Any CPU = Debug|Any CPU
		Release|Any CPU = Release|Any CPU
	EndGlobalSection
	GlobalSection(ProjectConfigurationPlatforms) = postSolution
		{DB7E5E5D-78DB-45A7-A64A-629A035B2D6F}.Debug|Any CPU.ActiveCfg = Debug|Any CPU
		{DB7E5E5D-78DB-45A7-A64A-629A035B2D6F}.Debug|Any CPU.Build.0 = Debug|Any CPU
		{DB7E5E5D-78DB-45A7-A64A-629A035B2D6F}.Release|Any CPU.ActiveCfg = Release|Any CPU
		{DB7E5E5D-78DB-45A7-A64A-629A035B2D6F}.Release|Any CPU.Build.0 = Release|Any CPU
		{412EE068-F8D8-4B22-A928-B564E7E7AE99}.Debug|Any CPU.ActiveCfg = Debug|Any CPU
		{412EE068-F8D8-4B22-A928-B564E7E7AE99}.Debug|Any CPU.Build.0 = Debug|Any CPU
		{412EE068-F8D8-4B22-A928-B564E7E7AE99}.Release|Any CPU.ActiveCfg = Release|Any CPU
		{412EE068-F8D8-4B22-A928-B564E7E7AE99}.Release|Any CPU.Build.0 = Release|Any CPU
		{CE2428A5-B287-43B9-BEF9-930445CD4645}.Debug|Any CPU.ActiveCfg = Debug|Any CPU
		{CE2428A5-B287-43B9-BEF9-930445CD4645}.Debug|Any CPU.Build.0 = Debug|Any CPU
		{CE2428A5-B287-43B9-BEF9-930445CD4645}.Release|Any CPU.ActiveCfg = Release|Any CPU
		{CE2428A5-B287-43B9-BEF9-930445CD4645}.Release|Any CPU.Build.0 = Release|Any CPU
	EndGlobalSection
	GlobalSection(SolutionProperties) = preSolution
		HideSolutionNode = FALSE
	EndGlobalSection
EndGlobal
